
Microsoft Visual Studio Solution File, Format Version 12.00
# Visual Studio 15
Project("{FAE04EC0-301F-11D3-BF4B-00C04F79EFBC}") = "Assembly-CSharp", "Assembly-CSharp.csproj", "{8893E536-1717-B16D-C09E-BC5D0C489B71}"
EndProject
Project("{FAE04EC0-301F-11D3-BF4B-00C04F79EFBC}") = "Unity.XR.Interaction.Toolkit.Samples.StarterAssets", "Unity.XR.Interaction.Toolkit.Samples.StarterAssets.csproj", "{77D443AA-3AB4-08C0-19AF-6EFDEE67CBEB}"
EndProject
Project("{FAE04EC0-301F-11D3-BF4B-00C04F79EFBC}") = "Unity.XR.Interaction.Toolkit.Samples.StarterAssets.Editor", "Unity.XR.Interaction.Toolkit.Samples.StarterAssets.Editor.csproj", "{5D2EC962-808B-02EB-025A-21B13AF85FD2}"
EndProject
Global
	GlobalSection(SolutionConfigurationPlatforms) = preSolution
		Debug|Any CPU = Debug|Any CPU
		Release|Any CPU = Release|Any CPU
	EndGlobalSection
	GlobalSection(ProjectConfigurationPlatforms) = postSolution
		{8893E536-1717-B16D-C09E-BC5D0C489B71}.Debug|Any CPU.ActiveCfg = Debug|Any CPU
		{8893E536-1717-B16D-C09E-BC5D0C489B71}.Debug|Any CPU.Build.0 = Debug|Any CPU
		{8893E536-1717-B16D-C09E-BC5D0C489B71}.Release|Any CPU.ActiveCfg = Release|Any CPU
		{8893E536-1717-B16D-C09E-BC5D0C489B71}.Release|Any CPU.Build.0 = Release|Any CPU
		{77D443AA-3AB4-08C0-19AF-6EFDEE67CBEB}.Debug|Any CPU.ActiveCfg = Debug|Any CPU
		{77D443AA-3AB4-08C0-19AF-6EFDEE67CBEB}.Debug|Any CPU.Build.0 = Debug|Any CPU
		{77D443AA-3AB4-08C0-19AF-6EFDEE67CBEB}.Release|Any CPU.ActiveCfg = Release|Any CPU
		{77D443AA-3AB4-08C0-19AF-6EFDEE67CBEB}.Release|Any CPU.Build.0 = Release|Any CPU
		{5D2EC962-808B-02EB-025A-21B13AF85FD2}.Debug|Any CPU.ActiveCfg = Debug|Any CPU
		{5D2EC962-808B-02EB-025A-21B13AF85FD2}.Debug|Any CPU.Build.0 = Debug|Any CPU
		{5D2EC962-808B-02EB-025A-21B13AF85FD2}.Release|Any CPU.ActiveCfg = Release|Any CPU
		{5D2EC962-808B-02EB-025A-21B13AF85FD2}.Release|Any CPU.Build.0 = Release|Any CPU
	EndGlobalSection
	GlobalSection(SolutionProperties) = preSolution
		HideSolutionNode = FALSE
	EndGlobalSection
EndGlobal
